
Microsoft Visual Studio Solution File, Format Version 12.00
# Visual Studio Version 16
VisualStudioVersion = 16.0.30907.101
MinimumVisualStudioVersion = 10.0.40219.1
Project("{FAE04EC0-301F-11D3-BF4B-00C04F79EFBC}") = "LandsOfTheVoid", "LandsOfTheVoid\LandsOfTheVoid.csproj", "{29AA7D36-6C24-4858-BDF6-598BE7B5E918}"
EndProject
Global
	GlobalSection(SolutionConfigurationPlatforms) = preSolution
		Debug|Any CPU = Debug|Any CPU
		Release|Any CPU = Release|Any CPU
	EndGlobalSection
	GlobalSection(ProjectConfigurationPlatforms) = postSolution
		{29AA7D36-6C24-4858-BDF6-598BE7B5E918}.Debug|Any CPU.ActiveCfg = Debug|Any CPU
		{29AA7D36-6C24-4858-BDF6-598BE7B5E918}.Debug|Any CPU.Build.0 = Debug|Any CPU
		{29AA7D36-6C24-4858-BDF6-598BE7B5E918}.Release|Any CPU.ActiveCfg = Release|Any CPU
		{29AA7D36-6C24-4858-BDF6-598BE7B5E918}.Release|Any CPU.Build.0 = Release|Any CPU
	EndGlobalSection
	GlobalSection(SolutionProperties) = preSolution
		HideSolutionNode = FALSE
	EndGlobalSection
	GlobalSection(ExtensibilityGlobals) = postSolution
		SolutionGuid = {909A83A0-91FC-493A-9492-53410102F870}
	EndGlobalSection
EndGlobal
